// !$*UTF8*$!
{
	archiveVersion = 1;
	classes = {
	};
	objectVersion = 46;
	objects = {

/* Begin PBXBuildFile section */
		CD164AB61CC61B2C00CC433C /* main.m in Sources */ = {isa = PBXBuildFile; fileRef = CD164AB51CC61B2C00CC433C /* main.m */; };
		CD164AB91CC61B2C00CC433C /* AppDelegate.m in Sources */ = {isa = PBXBuildFile; fileRef = CD164AB81CC61B2C00CC433C /* AppDelegate.m */; };
		CD164ABF1CC61B2C00CC433C /* Main.storyboard in Resources */ = {isa = PBXBuildFile; fileRef = CD164ABD1CC61B2C00CC433C /* Main.storyboard */; };
		CD164AC11CC61B2C00CC433C /* Assets.xcassets in Resources */ = {isa = PBXBuildFile; fileRef = CD164AC01CC61B2C00CC433C /* Assets.xcassets */; };
		CD164AC41CC61B2C00CC433C /* LaunchScreen.storyboard in Resources */ = {isa = PBXBuildFile; fileRef = CD164AC21CC61B2C00CC433C /* LaunchScreen.storyboard */; };
		CD164ACD1CC61B7D00CC433C /* HXMainViewController.m in Sources */ = {isa = PBXBuildFile; fileRef = CD164ACC1CC61B7D00CC433C /* HXMainViewController.m */; };
		CD164AD01CC620AD00CC433C /* HXCollectionViewLayout.m in Sources */ = {isa = PBXBuildFile; fileRef = CD164ACF1CC620AD00CC433C /* HXCollectionViewLayout.m */; };
/* End PBXBuildFile section */

/* Begin PBXFileReference section */
		CD164AB11CC61B2C00CC433C /* CollectionViewDemo.app */ = {isa = PBXFileReference; explicitFileType = wrapper.application; includeInIndex = 0; path = CollectionViewDemo.app; sourceTree = BUILT_PRODUCTS_DIR; };
		CD164AB51CC61B2C00CC433C /* main.m */ = {isa = PBXFileReference; lastKnownFileType = sourcecode.c.objc; path = main.m; sourceTree = "<group>"; };
		CD164AB71CC61B2C00CC433C /* AppDelegate.h */ = {isa = PBXFileReference; lastKnownFileType = sourcecode.c.h; path = AppDelegate.h; sourceTree = "<group>"; };
		CD164AB81CC61B2C00CC433C /* AppDelegate.m */ = {isa = PBXFileReference; lastKnownFileType = sourcecode.c.objc; path = AppDelegate.m; sourceTree = "<group>"; };
		CD164ABE1CC61B2C00CC433C /* Base */ = {isa = PBXFileReference; lastKnownFileType = file.storyboard; name = Base; path = Base.lproj/Main.storyboard; sourceTree = "<group>"; };
		CD164AC01CC61B2C00CC433C /* Assets.xcassets */ = {isa = PBXFileReference; lastKnownFileType = folder.assetcatalog; path = Assets.xcassets; sourceTree = "<group>"; };
		CD164AC31CC61B2C00CC433C /* Base */ = {isa = PBXFileReference; lastKnownFileType = file.storyboard; name = Base; path = Base.lproj/LaunchScreen.storyboard; sourceTree = "<group>"; };
		CD164AC51CC61B2C00CC433C /* Info.plist */ = {isa = PBXFileReference; lastKnownFileType = text.plist.xml; path = Info.plist; sourceTree = "<group>"; };
		CD164ACB1CC61B7D00CC433C /* HXMainViewController.h */ = {isa = PBXFileReference; fileEncoding = 4; lastKnownFileType = sourcecode.c.h; path = HXMainViewController.h; sourceTree = "<group>"; };
		CD164ACC1CC61B7D00CC433C /* HXMainViewController.m */ = {isa = PBXFileReference; fileEncoding = 4; lastKnownFileType = sourcecode.c.objc; path = HXMainViewController.m; sourceTree = "<group>"; };
		CD164ACE1CC620AD00CC433C /* HXCollectionViewLayout.h */ = {isa = PBXFileReference; fileEncoding = 4; lastKnownFileType = sourcecode.c.h; path = HXCollectionViewLayout.h; sourceTree = "<group>"; };
		CD164ACF1CC620AD00CC433C /* HXCollectionViewLayout.m */ = {isa = PBXFileReference; fileEncoding = 4; lastKnownFileType = sourcecode.c.objc; path = HXCollectionViewLayout.m; sourceTree = "<group>"; };
/* End PBXFileReference section */

/* Begin PBXFrameworksBuildPhase section */
		CD164AAE1CC61B2C00CC433C /* Frameworks */ = {
			isa = PBXFrameworksBuildPhase;
			buildActionMask = 2147483647;
			files = (
			);
			runOnlyForDeploymentPostprocessing = 0;
		};
/* End PBXFrameworksBuildPhase section */

/* Begin PBXGroup section */
		CD164AA81CC61B2C00CC433C = {
			isa = PBXGroup;
			children = (
				CD164AB31CC61B2C00CC433C /* CollectionViewDemo */,
				CD164AB21CC61B2C00CC433C /* Products */,
			);
			sourceTree = "<group>";
		};
		CD164AB21CC61B2C00CC433C /* Products */ = {
			isa = PBXGroup;
			children = (
				CD164AB11CC61B2C00CC433C /* CollectionViewDemo.app */,
			);
			name = Products;
			sourceTree = "<group>";
		};
		CD164AB31CC61B2C00CC433C /* CollectionViewDemo */ = {
			isa = PBXGroup;
			children = (
				CD164AB71CC61B2C00CC433C /* AppDelegate.h */,
				CD164AB81CC61B2C00CC433C /* AppDelegate.m */,
				CD164ACB1CC61B7D00CC433C /* HXMainViewController.h */,
				CD164ACC1CC61B7D00CC433C /* HXMainViewController.m */,
				CD164ACE1CC620AD00CC433C /* HXCollectionViewLayout.h */,
				CD164ACF1CC620AD00CC433C /* HXCollectionViewLayout.m */,
				CD164ABD1CC61B2C00CC433C /* Main.storyboard */,
				CD164AC01CC61B2C00CC433C /* Assets.xcassets */,
				CD164AC21CC61B2C00CC433C /* LaunchScreen.storyboard */,
				CD164AC51CC61B2C00CC433C /* Info.plist */,
				CD164AB41CC61B2C00CC433C /* Supporting Files */,
			);
			path = CollectionViewDemo;
			sourceTree = "<group>";
		};
		CD164AB41CC61B2C00CC433C /* Supporting Files */ = {
			isa = PBXGroup;
			children = (
				CD164AB51CC61B2C00CC433C /* main.m */,
			);
			name = "Supporting Files";
			sourceTree = "<group>";
		};
/* End PBXGroup section */

/* Begin PBXNativeTarget section */
		CD164AB01CC61B2C00CC433C /* CollectionViewDemo */ = {
			isa = PBXNativeTarget;
			buildConfigurationList = CD164AC81CC61B2C00CC433C /* Build configuration list for PBXNativeTarget "CollectionViewDemo" */;
			buildPhases = (
				CD164AAD1CC61B2C00CC433C /* Sources */,
				CD164AAE1CC61B2C00CC433C /* Frameworks */,
				CD164AAF1CC61B2C00CC433C /* Resources */,
			);
			buildRules = (
			);
			dependencies = (
			);
			name = CollectionViewDemo;
			productName = CollectionViewDemo;
			productReference = CD164AB11CC61B2C00CC433C /* CollectionViewDemo.app */;
			productType = "com.apple.product-type.application";
		};
/* End PBXNativeTarget section */

/* Begin PBXProject section */
		CD164AA91CC61B2C00CC433C /* Project object */ = {
			isa = PBXProject;
			attributes = {
				LastUpgradeCheck = 0730;
				ORGANIZATIONNAME = "Mia Music";
				TargetAttributes = {
					CD164AB01CC61B2C00CC433C = {
						CreatedOnToolsVersion = 7.3;
					};
				};
			};
			buildConfigurationList = CD164AAC1CC61B2C00CC433C /* Build configuration list for PBXProject "CollectionViewDemo" */;
			compatibilityVersion = "Xcode 3.2";
			developmentRegion = English;
			hasScannedForEncodings = 0;
			knownRegions = (
				en,
				Base,
			);
			mainGroup = CD164AA81CC61B2C00CC433C;
			productRefGroup = CD164AB21CC61B2C00CC433C /* Products */;
			projectDirPath = "";
			projectRoot = "";
			targets = (
				CD164AB01CC61B2C00CC433C /* CollectionViewDemo */,
			);
		};
/* End PBXProject section */

/* Begin PBXResourcesBuildPhase section */
		CD164AAF1CC61B2C00CC433C /* Resources */ = {
			isa = PBXResourcesBuildPhase;
			buildActionMask = 2147483647;
			files = (
				CD164AC41CC61B2C00CC433C /* LaunchScreen.storyboard in Resources */,
				CD164AC11CC61B2C00CC433C /* Assets.xcassets in Resources */,
				CD164ABF1CC61B2C00CC433C /* Main.storyboard in Resources */,
			);
			runOnlyForDeploymentPostprocessing = 0;
		};
/* End PBXResourcesBuildPhase section */

/* Begin PBXSourcesBuildPhase section */
		CD164AAD1CC61B2C00CC433C /* Sources */ = {
			isa = PBXSourcesBuildPhase;
			buildActionMask = 2147483647;
			files = (
				CD164AD01CC620AD00CC433C /* HXCollectionViewLayout.m in Sources */,
				CD164ACD1CC61B7D00CC433C /* HXMainViewController.m in Sources */,
				CD164AB91CC61B2C00CC433C /* AppDelegate.m in Sources */,
				CD164AB61CC61B2C00CC433C /* main.m in Sources */,
			);
			runOnlyForDeploymentPostprocessing = 0;
		};
/* End PBXSourcesBuildPhase section */

/* Begin PBXVariantGroup section */
		CD164ABD1CC61B2C00CC433C /* Main.storyboard */ = {
			isa = PBXVariantGroup;
			children = (
				CD164ABE1CC61B2C00CC433C /* Base */,
			);
			name = Main.storyboard;
			sourceTree = "<group>";
		};
		CD164AC21CC61B2C00CC433C /* LaunchScreen.storyboard */ = {
			isa = PBXVariantGroup;
			children = (
				CD164AC31CC61B2C00CC433C /* Base */,
			);
			name = LaunchScreen.storyboard;
			sourceTree = "<group>";
		};
/* End PBXVariantGroup section */

/* Begin XCBuildConfiguration section */
		CD164AC61CC61B2C00CC433C /* Debug */ = {
			isa = XCBuildConfiguration;
			buildSettings = {
				ALWAYS_SEARCH_USER_PATHS = NO;
				CLANG_ANALYZER_NONNULL = YES;
				CLANG_CXX_LANGUAGE_STANDARD = "gnu++0x";
				CLANG_CXX_LIBRARY = "libc++";
				CLANG_ENABLE_MODULES = YES;
				CLANG_ENABLE_OBJC_ARC = YES;
				CLANG_WARN_BOOL_CONVERSION = YES;
				CLANG_WARN_CONSTANT_CONVERSION = YES;
				CLANG_WARN_DIRECT_OBJC_ISA_USAGE = YES_ERROR;
				CLANG_WARN_EMPTY_BODY = YES;
				CLANG_WARN_ENUM_CONVERSION = YES;
				CLANG_WARN_INT_CONVERSION = YES;
				CLANG_WARN_OBJC_ROOT_CLASS = YES_ERROR;
				CLANG_WARN_UNREACHABLE_CODE = YES;
				CLANG_WARN__DUPLICATE_METHOD_MATCH = YES;
				"CODE_SIGN_IDENTITY[sdk=iphoneos*]" = "iPhone Developer";
				COPY_PHASE_STRIP = NO;
				DEBUG_INFORMATION_FORMAT = dwarf;
				ENABLE_STRICT_OBJC_MSGSEND = YES;
				ENABLE_TESTABILITY = YES;
				GCC_C_LANGUAGE_STANDARD = gnu99;
				GCC_DYNAMIC_NO_PIC = NO;
				GCC_NO_COMMON_BLOCKS = YES;
				GCC_OPTIMIZATION_LEVEL = 0;
				GCC_PREPROCESSOR_DEFINITIONS = (
					"DEBUG=1",
					"$(inherited)",
				);
				GCC_WARN_64_TO_32_BIT_CONVERSION = YES;
				GCC_WARN_ABOUT_RETURN_TYPE = YES_ERROR;
				GCC_WARN_UNDECLARED_SELECTOR = YES;
				GCC_WARN_UNINITIALIZED_AUTOS = YES_AGGRESSIVE;
				GCC_WARN_UNUSED_FUNCTION = YES;
				GCC_WARN_UNUSED_VARIABLE = YES;
				IPHONEOS_DEPLOYMENT_TARGET = 9.3;
				MTL_ENABLE_DEBUG_INFO = YES;
				ONLY_ACTIVE_ARCH = YES;
				SDKROOT = iphoneos;
			};
			name = Debug;
		};
		CD164AC71CC61B2C00CC433C /* Release */ = {
			isa = XCBuildConfiguration;
			buildSettings = {
				ALWAYS_SEARCH_USER_PATHS = NO;
				CLANG_ANALYZER_NONNULL = YES;
				CLANG_CXX_LANGUAGE_STANDARD = "gnu++0x";
				CLANG_CXX_LIBRARY = "libc++";
				CLANG_ENABLE_MODULES = YES;
				CLANG_ENABLE_OBJC_ARC = YES;
				CLANG_WARN_BOOL_CONVERSION = YES;
				CLANG_WARN_CONSTANT_CONVERSION = YES;
				CLANG_WARN_DIRECT_OBJC_ISA_USAGE = YES_ERROR;
				CLANG_WARN_EMPTY_BODY = YES;
				CLANG_WARN_ENUM_CONVERSION = YES;
				CLANG_WARN_INT_CONVERSION = YES;
				CLANG_WARN_OBJC_ROOT_CLASS = YES_ERROR;
				CLANG_WARN_UNREACHABLE_CODE = YES;
				CLANG_WARN__DUPLICATE_METHOD_MATCH = YES;
				"CODE_SIGN_IDENTITY[sdk=iphoneos*]" = "iPhone Developer";
				COPY_PHASE_STRIP = NO;
				DEBUG_INFORMATION_FORMAT = "dwarf-with-dsym";
				ENABLE_NS_ASSERTIONS = NO;
				ENABLE_STRICT_OBJC_MSGSEND = YES;
				GCC_C_LANGUAGE_STANDARD = gnu99;
				GCC_NO_COMMON_BLOCKS = YES;
				GCC_WARN_64_TO_32_BIT_CONVERSION = YES;
				GCC_WARN_ABOUT_RETURN_TYPE = YES_ERROR;
				GCC_WARN_UNDECLARED_SELECTOR = YES;
				GCC_WARN_UNINITIALIZED_AUTOS = YES_AGGRESSIVE;
				GCC_WARN_UNUSED_FUNCTION = YES;
				GCC_WARN_UNUSED_VARIABLE = YES;
				IPHONEOS_DEPLOYMENT_TARGET = 9.3;
				MTL_ENABLE_DEBUG_INFO = NO;
				SDKROOT = iphoneos;
				VALIDATE_PRODUCT = YES;
			};
			name = Release;
		};
		CD164AC91CC61B2C00CC433C /* Debug */ = {
			isa = XCBuildConfiguration;
			buildSettings = {
				ASSETCATALOG_COMPILER_APPICON_NAME = AppIcon;
				INFOPLIST_FILE = CollectionViewDemo/Info.plist;
				IPHONEOS_DEPLOYMENT_TARGET = 8.0;
				LD_RUNPATH_SEARCH_PATHS = "$(inherited) @executable_path/Frameworks";
				PRODUCT_BUNDLE_IDENTIFIER = com.miamusic.CollectionViewDemo;
				PRODUCT_NAME = "$(TARGET_NAME)";
			};
			name = Debug;
		};
		CD164ACA1CC61B2C00CC433C /* Release */ = {
			isa = XCBuildConfiguration;
			buildSettings = {
				ASSETCATALOG_COMPILER_APPICON_NAME = AppIcon;
				INFOPLIST_FILE = CollectionViewDemo/Info.plist;
				IPHONEOS_DEPLOYMENT_TARGET = 8.0;
				LD_RUNPATH_SEARCH_PATHS = "$(inherited) @executable_path/Frameworks";
				PRODUCT_BUNDLE_IDENTIFIER = com.miamusic.CollectionViewDemo;
				PRODUCT_NAME = "$(TARGET_NAME)";
			};
			name = Release;
		};
/* End XCBuildConfiguration section */

/* Begin XCConfigurationList section */
		CD164AAC1CC61B2C00CC433C /* Build configuration list for PBXProject "CollectionViewDemo" */ = {
			isa = XCConfigurationList;
			buildConfigurations = (
				CD164AC61CC61B2C00CC433C /* Debug */,
				CD164AC71CC61B2C00CC433C /* Release */,
			);
			defaultConfigurationIsVisible = 0;
			defaultConfigurationName = Release;
		};
		CD164AC81CC61B2C00CC433C /* Build configuration list for PBXNativeTarget "CollectionViewDemo" */ = {
			isa = XCConfigurationList;
			buildConfigurations = (
				CD164AC91CC61B2C00CC433C /* Debug */,
				CD164ACA1CC61B2C00CC433C /* Release */,
			);
			defaultConfigurationIsVisible = 0;
		};
/* End XCConfigurationList section */
	};
	rootObject = CD164AA91CC61B2C00CC433C /* Project object */;
}
